Microsoft Visual Studio Solution File, Format Version 12.00
# Visual Studio 2012
Project("{FAE04EC0-301F-11D3-BF4B-00C04F79EFBC}") = "Platform shooter", "Platform shooter.csproj", "{EA1E8AD8-E767-4F66-973D-995B37A3C79A}"
EndProject
Global
	GlobalSection(SolutionConfigurationPlatforms) = preSolution
	Debug|Any CPU = Debug|Any CPU
	ExportDebug|Any CPU = ExportDebug|Any CPU
	ExportRelease|Any CPU = ExportRelease|Any CPU
	EndGlobalSection
	GlobalSection(ProjectConfigurationPlatforms) = postSolution
		{EA1E8AD8-E767-4F66-973D-995B37A3C79A}.Debug|Any CPU.ActiveCfg = Debug|Any CPU
		{EA1E8AD8-E767-4F66-973D-995B37A3C79A}.Debug|Any CPU.Build.0 = Debug|Any CPU
		{EA1E8AD8-E767-4F66-973D-995B37A3C79A}.ExportDebug|Any CPU.ActiveCfg = ExportDebug|Any CPU
		{EA1E8AD8-E767-4F66-973D-995B37A3C79A}.ExportDebug|Any CPU.Build.0 = ExportDebug|Any CPU
		{EA1E8AD8-E767-4F66-973D-995B37A3C79A}.ExportRelease|Any CPU.ActiveCfg = ExportRelease|Any CPU
		{EA1E8AD8-E767-4F66-973D-995B37A3C79A}.ExportRelease|Any CPU.Build.0 = ExportRelease|Any CPU
	EndGlobalSection
EndGlobal
